{
  "version": 4,
  "terraform_version": "1.11.2",
  "serial": 30,
  "lineage": "de28614f-1660-869e-4e33-e7f788690d52",
  "outputs": {
    "codedeploy_app_name": {
      "value": "istory-app",
      "type": "string"
    },
    "codedeploy_deployment_group_name": {
      "value": "istory-deploy-group",
      "type": "string"
    },
    "dev_istory_nginx_instance_public_ip": {
      "value": "3.38.153.159",
      "type": "string"
    },
    "istory-deploy-bucket_name": {
      "value": "istory-deploy-bucket-484907486822",
      "type": "string"
    },
    "rds_database_name": {
      "value": "istory",
      "type": "string"
    },
    "rds_endpoint": {
      "value": "istory-db.c9es4oacgycy.ap-northeast-2.rds.amazonaws.com:3306",
      "type": "string"
    },
    "rds_username": {
      "value": "user",
      "type": "string"
    },
    "ssh_private_key_pem": {
      "value": "-----BEGIN RSA PRIVATE KEY-----\nMIIEpAIBAAKCAQEAwFvedkVRkFLNgTEjVxH6Uyhz2LL9JNpbNl01mJ0fF0DUNBGx\nx021jakVUpHg9uaEJqkW4k/YovnJpnqR3l8fzdwX55iBTm7K4CE9BVLxg1qRMtdZ\ndek3AqjuxDINcbPTptXe2F0nSBMou1AXJ1kznl6q7NoTngBWSwhtw4pmYifx92QJ\n+stp3Gp8ONpIhrNtkrTm9LyZQVnOffZtTSW6rLG83fmKzezIek/SSh0Qb8VgeUr7\nhobEg49lBvJUtsArd+jlEhIS9MFK5RCBj3ZjJ3NPIPnxRfVtVkhWrs79hLmrdRgp\nn6fLOPOcg/gRV226mznVHB0mUelr9FlP0DpKcwIDAQABAoIBAF4rm5kjDm8tWlYp\nDDgQIRCc+TnZRnzIOWc/8oEoSpRDtJ9ZGkOME5mqcTnfGNdGuuOCXCWnGVOQHdxW\nnRrUTumlGj7TNlqDeuaG3yzAEmRP7k2Jh85lwfyXX2zFZDeJ5dADW/logVaTqpko\n+GzXCqI5jkwt5vSvDY/mLHZSRxU9x5ExStXJKpqInwCNBYzA9mogWdewJ0x8ICd3\nZK+iqlCqiRcod6QuesdNmbRyAfXcCSJ4S+hpjBnAsFgMTCE4k1PNodLrQ2A5twBL\nExygpLcNl0TnmvsWafskVXHL0Cu9q2RU/BuqVfl7qXsRs/c12vokFxNWrVIwGNnl\nPmR3WeECgYEA1VXIjsTbpMDwnfuLSN+5MoISVRBVc+I0t3k+j8xr8zSMp/aftpSE\nf2ptg0uolLgzSxnUQKbe39VXEAYoHzUyrI+Z1ofunS+mmQjKrCZwww1DXH4ajB3J\nSwl2murXfO6m/04loP14431PSwf3cou0MB4Voa8PakfwOkV85Ji1U6UCgYEA5tQn\n4WntmLbZs0VZ7dxabs72GEqE1g4EuMXpJIYwRL7toRD1DBKMZBSzSbYimVYdT2Bo\n7FaQZhs9U39EzDv4QEjpW9YXJ2txYqkH22mxtPpZMmq1haBLPmflzdhRvuPm4+z8\nCo8sb0AtR3Dew8+zI+j+ZwHVRPwL78KZtiynajcCgYEAjhUT/gIeRxw5JP7jRSW7\nsmfuzbiTMRr3ATs+74a2XsQg6bzXokJH/JRlW4yIOoRzpREOzABXb7wmwAVZs286\n0LLTQo5F3WpfCo1QblcrwrySoIdcJvWvmsoys/q0igBoOKFTbmViniBXLyGfLCrf\nVyyyO3zcR2yiEi01gQozugECgYEAu0VQfa7lFsryYGFZjoMB03iRbC+5Cbkh146p\nkfpUWtHUFKKfTIYX5HJu6tSbyW92JBoBxgyM5mofHQjaFiBpTi5ZNSrCajbfLL4a\nI8biaAPcLe0pDBp6MU01wgVIfOiFQFHaQe7ai/+zPIy0DoUJv46eJ4/zKR6byI9H\nCee8g40CgYA8OIG8600nyi7T0ZvlNgQa6tlwRd6/nWbVvZIOGicrzfNImebwqqGA\nX1+xh4MrzuB37jqtyUhifyDJP90SD3Uovdz11XNSwbLcl0EcSDKh6mXkQgeN5AsI\nShD2ufSFhwfup5HhF55N0BypCa9cCeYlZVhCifMBElcGHoQQe8b+Uw==\n-----END RSA PRIVATE KEY-----\n",
      "type": "string",
      "sensitive": true
    }
  },
  "resources": [
    {
      "mode": "data",
      "type": "aws_caller_identity",
      "name": "current",
      "provider": "provider[\"registry.terraform.io/hashicorp/aws\"]",
      "instances": [
        {
          "schema_version": 0,
          "attributes": {
            "account_id": "484907486822",
            "arn": "arn:aws:iam::484907486822:user/cicd",
            "id": "484907486822",
            "user_id": "AIDAXBZV5BZTFTT4IKUUM"
          },
          "sensitive_attributes": []
        }
      ]
    },
    {
      "mode": "managed",
      "type": "aws_codedeploy_app",
      "name": "istory-app",
      "provider": "provider[\"registry.terraform.io/hashicorp/aws\"]",
      "instances": [
        {
          "schema_version": 0,
          "attributes": {
            "application_id": "7a429a64-7f9d-4971-b07c-646a1ca08e65",
            "arn": "arn:aws:codedeploy:ap-northeast-2:484907486822:application:istory-app",
            "compute_platform": "Server",
            "github_account_name": "",
            "id": "7a429a64-7f9d-4971-b07c-646a1ca08e65:istory-app",
            "linked_to_github": false,
            "name": "istory-app",
            "tags": null,
            "tags_all": {}
          },
          "sensitive_attributes": [],
          "private": "bnVsbA=="
        }
      ]
    },
    {
      "mode": "managed",
      "type": "aws_codedeploy_deployment_group",
      "name": "istory-deploy_group",
      "provider": "provider[\"registry.terraform.io/hashicorp/aws\"]",
      "instances": [
        {
          "schema_version": 0,
          "attributes": {
            "alarm_configuration": [],
            "app_name": "istory-app",
            "arn": "arn:aws:codedeploy:ap-northeast-2:484907486822:deploymentgroup:istory-app/istory-deploy-group",
            "auto_rollback_configuration": [
              {
                "enabled": true,
                "events": [
                  "DEPLOYMENT_FAILURE"
                ]
              }
            ],
            "autoscaling_groups": null,
            "blue_green_deployment_config": [],
            "compute_platform": "Server",
            "deployment_config_name": "CodeDeployDefault.OneAtATime",
            "deployment_group_id": "e0b4a41f-443b-4d5e-aa99-b616d3e100f9",
            "deployment_group_name": "istory-deploy-group",
            "deployment_style": [
              {
                "deployment_option": "WITHOUT_TRAFFIC_CONTROL",
                "deployment_type": "IN_PLACE"
              }
            ],
            "ec2_tag_filter": [],
            "ec2_tag_set": [
              {
                "ec2_tag_filter": [
                  {
                    "key": "Environment",
                    "type": "KEY_AND_VALUE",
                    "value": "Development"
                  }
                ]
              }
            ],
            "ecs_service": [],
            "id": "e0b4a41f-443b-4d5e-aa99-b616d3e100f9",
            "load_balancer_info": [],
            "on_premises_instance_tag_filter": [],
            "outdated_instances_strategy": "UPDATE",
            "service_role_arn": "arn:aws:iam::484907486822:role/CodeDeployServiceRole",
            "tags": null,
            "tags_all": {},
            "termination_hook_enabled": false,
            "trigger_configuration": []
          },
          "sensitive_attributes": [],
          "private": "bnVsbA==",
          "dependencies": [
            "aws_codedeploy_app.istory-app",
            "aws_iam_role.codedeploy_service_role"
          ]
        }
      ]
    },
    {
      "mode": "managed",
      "type": "aws_db_instance",
      "name": "istory_db",
      "provider": "provider[\"registry.terraform.io/hashicorp/aws\"]",
      "instances": [
        {
          "schema_version": 2,
          "attributes": {
            "address": "istory-db.c9es4oacgycy.ap-northeast-2.rds.amazonaws.com",
            "allocated_storage": 20,
            "allow_major_version_upgrade": null,
            "apply_immediately": false,
            "arn": "arn:aws:rds:ap-northeast-2:484907486822:db:istory-db",
            "auto_minor_version_upgrade": true,
            "availability_zone": "ap-northeast-2a",
            "backup_retention_period": 7,
            "backup_target": "region",
            "backup_window": "03:00-04:00",
            "blue_green_update": [],
            "ca_cert_identifier": "rds-ca-rsa2048-g1",
            "character_set_name": "",
            "copy_tags_to_snapshot": false,
            "custom_iam_instance_profile": "",
            "customer_owned_ip_enabled": false,
            "database_insights_mode": "standard",
            "db_name": "istory",
            "db_subnet_group_name": "istory-db-subnet-group",
            "dedicated_log_volume": false,
            "delete_automated_backups": true,
            "deletion_protection": false,
            "domain": "",
            "domain_auth_secret_arn": "",
            "domain_dns_ips": null,
            "domain_fqdn": "",
            "domain_iam_role_name": "",
            "domain_ou": "",
            "enabled_cloudwatch_logs_exports": null,
            "endpoint": "istory-db.c9es4oacgycy.ap-northeast-2.rds.amazonaws.com:3306",
            "engine": "mysql",
            "engine_lifecycle_support": "open-source-rds-extended-support",
            "engine_version": "8.0",
            "engine_version_actual": "8.0.40",
            "final_snapshot_identifier": null,
            "hosted_zone_id": "ZLA2NUCOLGUUR",
            "iam_database_authentication_enabled": false,
            "id": "db-2I7TGQUBMQLXAMSBFMKJH4DKEQ",
            "identifier": "istory-db",
            "identifier_prefix": "",
            "instance_class": "db.t3.micro",
            "iops": 0,
            "kms_key_id": "",
            "latest_restorable_time": "2025-03-22T05:35:01Z",
            "license_model": "general-public-license",
            "listener_endpoint": [],
            "maintenance_window": "mon:04:00-mon:05:00",
            "manage_master_user_password": null,
            "master_user_secret": [],
            "master_user_secret_kms_key_id": null,
            "max_allocated_storage": 0,
            "monitoring_interval": 0,
            "monitoring_role_arn": "",
            "multi_az": false,
            "nchar_character_set_name": "",
            "network_type": "IPV4",
            "option_group_name": "default:mysql-8-0",
            "parameter_group_name": "istory-db-parameter-group",
            "password": "user12345",
            "password_wo": null,
            "password_wo_version": null,
            "performance_insights_enabled": false,
            "performance_insights_kms_key_id": "",
            "performance_insights_retention_period": 0,
            "port": 3306,
            "publicly_accessible": false,
            "replica_mode": "",
            "replicas": [],
            "replicate_source_db": "",
            "resource_id": "db-2I7TGQUBMQLXAMSBFMKJH4DKEQ",
            "restore_to_point_in_time": [],
            "s3_import": [],
            "skip_final_snapshot": true,
            "snapshot_identifier": null,
            "status": "available",
            "storage_encrypted": false,
            "storage_throughput": 0,
            "storage_type": "gp2",
            "tags": {
              "Environment": "Development",
              "Name": "istory"
            },
            "tags_all": {
              "Environment": "Development",
              "Name": "istory"
            },
            "timeouts": null,
            "timezone": "",
            "upgrade_storage_config": null,
            "username": "user",
            "vpc_security_group_ids": [
              "sg-0039622291b9f6806"
            ]
          },
          "sensitive_attributes": [
            [
              {
                "type": "get_attr",
                "value": "password"
              }
            ],
            [
              {
                "type": "get_attr",
                "value": "password_wo"
              }
            ]
          ],
          "private": "eyJlMmJmYjczMC1lY2FhLTExZTYtOGY4OC0zNDM2M2JjN2M0YzAiOnsiY3JlYXRlIjozMDAwMDAwMDAwMDAwLCJkZWxldGUiOjM2MDAwMDAwMDAwMDAsInVwZGF0ZSI6NDgwMDAwMDAwMDAwMH0sInNjaGVtYV92ZXJzaW9uIjoiMiJ9",
          "dependencies": [
            "aws_db_parameter_group.istory_db_parameter_group",
            "aws_db_subnet_group.istory_db_subnet_group",
            "aws_security_group.istory_nginx_sg",
            "aws_security_group.istory_rds_sg",
            "aws_subnet.dangtong-vpc-public-subnet",
            "aws_vpc.dangtong-vpc"
          ]
        }
      ]
    },
    {
      "mode": "managed",
      "type": "aws_db_parameter_group",
      "name": "istory_db_parameter_group",
      "provider": "provider[\"registry.terraform.io/hashicorp/aws\"]",
      "instances": [
        {
          "schema_version": 0,
          "attributes": {
            "arn": "arn:aws:rds:ap-northeast-2:484907486822:pg:istory-db-parameter-group",
            "description": "Managed by Terraform",
            "family": "mysql8.0",
            "id": "istory-db-parameter-group",
            "name": "istory-db-parameter-group",
            "name_prefix": "",
            "parameter": [
              {
                "apply_method": "immediate",
                "name": "character_set_client",
                "value": "utf8mb4"
              },
              {
                "apply_method": "immediate",
                "name": "character_set_server",
                "value": "utf8mb4"
              }
            ],
            "skip_destroy": false,
            "tags": null,
            "tags_all": {}
          },
          "sensitive_attributes": [],
          "private": "bnVsbA=="
        }
      ]
    },
    {
      "mode": "managed",
      "type": "aws_db_subnet_group",
      "name": "istory_db_subnet_group",
      "provider": "provider[\"registry.terraform.io/hashicorp/aws\"]",
      "instances": [
        {
          "schema_version": 0,
          "attributes": {
            "arn": "arn:aws:rds:ap-northeast-2:484907486822:subgrp:istory-db-subnet-group",
            "description": "Managed by Terraform",
            "id": "istory-db-subnet-group",
            "name": "istory-db-subnet-group",
            "name_prefix": "",
            "subnet_ids": [
              "subnet-02651fc577e02618f",
              "subnet-03fb20cbad4bb405a",
              "subnet-0439c3e495b266fe4",
              "subnet-07ccce4ec90e13928"
            ],
            "supported_network_types": [
              "IPV4"
            ],
            "tags": {
              "Name": "istory DB subnet group"
            },
            "tags_all": {
              "Name": "istory DB subnet group"
            },
            "vpc_id": "vpc-0d0146c7819ae040b"
          },
          "sensitive_attributes": [],
          "private": "bnVsbA==",
          "dependencies": [
            "aws_subnet.dangtong-vpc-public-subnet",
            "aws_vpc.dangtong-vpc"
          ]
        }
      ]
    },
    {
      "mode": "managed",
      "type": "aws_iam_instance_profile",
      "name": "ec2_profile",
      "provider": "provider[\"registry.terraform.io/hashicorp/aws\"]",
      "instances": [
        {
          "schema_version": 0,
          "attributes": {
            "arn": "arn:aws:iam::484907486822:instance-profile/EC2CodeDeployProfile",
            "create_date": "2025-03-22T05:30:02Z",
            "id": "EC2CodeDeployProfile",
            "name": "EC2CodeDeployProfile",
            "name_prefix": "",
            "path": "/",
            "role": "EC2CodeDeployRole",
            "tags": null,
            "tags_all": {},
            "unique_id": "AIPAXBZV5BZTIXOCCLFBB"
          },
          "sensitive_attributes": [],
          "private": "bnVsbA==",
          "dependencies": [
            "aws_iam_role.ec2_codedeploy_role"
          ]
        }
      ]
    },
    {
      "mode": "managed",
      "type": "aws_iam_role",
      "name": "codedeploy_service_role",
      "provider": "provider[\"registry.terraform.io/hashicorp/aws\"]",
      "instances": [
        {
          "schema_version": 0,
          "attributes": {
            "arn": "arn:aws:iam::484907486822:role/CodeDeployServiceRole",
            "assume_role_policy": "{\"Statement\":[{\"Action\":\"sts:AssumeRole\",\"Effect\":\"Allow\",\"Principal\":{\"Service\":\"codedeploy.amazonaws.com\"}}],\"Version\":\"2012-10-17\"}",
            "create_date": "2025-03-22T05:30:01Z",
            "description": "",
            "force_detach_policies": false,
            "id": "CodeDeployServiceRole",
            "inline_policy": [],
            "managed_policy_arns": [],
            "max_session_duration": 3600,
            "name": "CodeDeployServiceRole",
            "name_prefix": "",
            "path": "/",
            "permissions_boundary": "",
            "tags": {
              "Name": "codedeploy-service-role"
            },
            "tags_all": {
              "Name": "codedeploy-service-role"
            },
            "unique_id": "AROAXBZV5BZTJ5E4KV7ZR"
          },
          "sensitive_attributes": [],
          "private": "bnVsbA=="
        }
      ]
    },
    {
      "mode": "managed",
      "type": "aws_iam_role",
      "name": "ec2_codedeploy_role",
      "provider": "provider[\"registry.terraform.io/hashicorp/aws\"]",
      "instances": [
        {
          "schema_version": 0,
          "attributes": {
            "arn": "arn:aws:iam::484907486822:role/EC2CodeDeployRole",
            "assume_role_policy": "{\"Statement\":[{\"Action\":\"sts:AssumeRole\",\"Effect\":\"Allow\",\"Principal\":{\"Service\":\"ec2.amazonaws.com\"}}],\"Version\":\"2012-10-17\"}",
            "create_date": "2025-03-22T05:30:01Z",
            "description": "",
            "force_detach_policies": false,
            "id": "EC2CodeDeployRole",
            "inline_policy": [],
            "managed_policy_arns": [],
            "max_session_duration": 3600,
            "name": "EC2CodeDeployRole",
            "name_prefix": "",
            "path": "/",
            "permissions_boundary": "",
            "tags": {
              "Name": "ec2-codedeploy-role"
            },
            "tags_all": {
              "Name": "ec2-codedeploy-role"
            },
            "unique_id": "AROAXBZV5BZTMFDHOA5ON"
          },
          "sensitive_attributes": [],
          "private": "bnVsbA=="
        }
      ]
    },
    {
      "mode": "managed",
      "type": "aws_iam_role_policy_attachment",
      "name": "codedeploy_service",
      "provider": "provider[\"registry.terraform.io/hashicorp/aws\"]",
      "instances": [
        {
          "schema_version": 0,
          "attributes": {
            "id": "CodeDeployServiceRole-20250322053003437800000002",
            "policy_arn": "arn:aws:iam::aws:policy/service-role/AWSCodeDeployRole",
            "role": "CodeDeployServiceRole"
          },
          "sensitive_attributes": [],
          "private": "bnVsbA==",
          "dependencies": [
            "aws_iam_role.codedeploy_service_role"
          ]
        }
      ]
    },
    {
      "mode": "managed",
      "type": "aws_iam_role_policy_attachment",
      "name": "ec2_codedeploy",
      "provider": "provider[\"registry.terraform.io/hashicorp/aws\"]",
      "instances": [
        {
          "schema_version": 0,
          "attributes": {
            "id": "EC2CodeDeployRole-20250322053003206400000001",
            "policy_arn": "arn:aws:iam::aws:policy/service-role/AWSCodeDeployRole",
            "role": "EC2CodeDeployRole"
          },
          "sensitive_attributes": [],
          "private": "bnVsbA==",
          "dependencies": [
            "aws_iam_role.ec2_codedeploy_role"
          ]
        }
      ]
    },
    {
      "mode": "managed",
      "type": "aws_iam_role_policy_attachment",
      "name": "ec2_codedeploy_s3",
      "provider": "provider[\"registry.terraform.io/hashicorp/aws\"]",
      "instances": [
        {
          "schema_version": 0,
          "attributes": {
            "id": "EC2CodeDeployRole-20250322053003479000000003",
            "policy_arn": "arn:aws:iam::aws:policy/AmazonS3ReadOnlyAccess",
            "role": "EC2CodeDeployRole"
          },
          "sensitive_attributes": [],
          "private": "bnVsbA==",
          "dependencies": [
            "aws_iam_role.ec2_codedeploy_role"
          ]
        }
      ]
    },
    {
      "mode": "managed",
      "type": "aws_instance",
      "name": "dev_istory_nginx_instance",
      "provider": "provider[\"registry.terraform.io/hashicorp/aws\"]",
      "instances": [
        {
          "schema_version": 1,
          "attributes": {
            "ami": "ami-08b09b6acd8d62254",
            "arn": "arn:aws:ec2:ap-northeast-2:484907486822:instance/i-068309c90835bbd59",
            "associate_public_ip_address": true,
            "availability_zone": "ap-northeast-2a",
            "capacity_reservation_specification": [
              {
                "capacity_reservation_preference": "open",
                "capacity_reservation_target": []
              }
            ],
            "cpu_core_count": 1,
            "cpu_options": [
              {
                "amd_sev_snp": "",
                "core_count": 1,
                "threads_per_core": 1
              }
            ],
            "cpu_threads_per_core": 1,
            "credit_specification": [
              {
                "cpu_credits": "standard"
              }
            ],
            "disable_api_stop": false,
            "disable_api_termination": false,
            "ebs_block_device": [],
            "ebs_optimized": false,
            "enable_primary_ipv6": null,
            "enclave_options": [
              {
                "enabled": false
              }
            ],
            "ephemeral_block_device": [],
            "get_password_data": false,
            "hibernation": false,
            "host_id": "",
            "host_resource_group_arn": null,
            "iam_instance_profile": "EC2CodeDeployProfile",
            "id": "i-068309c90835bbd59",
            "instance_initiated_shutdown_behavior": "stop",
            "instance_lifecycle": "",
            "instance_market_options": [],
            "instance_state": "running",
            "instance_type": "t2.micro",
            "ipv6_address_count": 0,
            "ipv6_addresses": [],
            "key_name": "ec2-key_pair",
            "launch_template": [],
            "maintenance_options": [
              {
                "auto_recovery": "default"
              }
            ],
            "metadata_options": [
              {
                "http_endpoint": "enabled",
                "http_protocol_ipv6": "disabled",
                "http_put_response_hop_limit": 1,
                "http_tokens": "optional",
                "instance_metadata_tags": "disabled"
              }
            ],
            "monitoring": false,
            "network_interface": [],
            "outpost_arn": "",
            "password_data": "",
            "placement_group": "",
            "placement_partition_number": 0,
            "primary_network_interface_id": "eni-0c38e5967ccae04c0",
            "private_dns": "ip-10-0-1-203.ap-northeast-2.compute.internal",
            "private_dns_name_options": [
              {
                "enable_resource_name_dns_a_record": false,
                "enable_resource_name_dns_aaaa_record": false,
                "hostname_type": "ip-name"
              }
            ],
            "private_ip": "10.0.1.203",
            "public_dns": "ec2-3-38-153-159.ap-northeast-2.compute.amazonaws.com",
            "public_ip": "3.38.153.159",
            "root_block_device": [
              {
                "delete_on_termination": true,
                "device_name": "/dev/xvda",
                "encrypted": false,
                "iops": 100,
                "kms_key_id": "",
                "tags": {},
                "tags_all": {},
                "throughput": 0,
                "volume_id": "vol-0fc1d4112b5c2c729",
                "volume_size": 8,
                "volume_type": "gp2"
              }
            ],
            "secondary_private_ips": [],
            "security_groups": [],
            "source_dest_check": true,
            "spot_instance_request_id": "",
            "subnet_id": "subnet-02651fc577e02618f",
            "tags": {
              "Environment": "Development",
              "Name": "istory nginx-server"
            },
            "tags_all": {
              "Environment": "Development",
              "Name": "istory nginx-server"
            },
            "tenancy": "default",
            "timeouts": null,
            "user_data": "89573fc17c6928260a1ff3340398cee177fd96f0",
            "user_data_base64": null,
            "user_data_replace_on_change": false,
            "volume_tags": null,
            "vpc_security_group_ids": [
              "sg-04b947d835b782e60"
            ]
          },
          "sensitive_attributes": [],
          "private": "eyJlMmJmYjczMC1lY2FhLTExZTYtOGY4OC0zNDM2M2JjN2M0YzAiOnsiY3JlYXRlIjo2MDAwMDAwMDAwMDAsImRlbGV0ZSI6MTIwMDAwMDAwMDAwMCwicmVhZCI6OTAwMDAwMDAwMDAwLCJ1cGRhdGUiOjYwMDAwMDAwMDAwMH0sInNjaGVtYV92ZXJzaW9uIjoiMSJ9",
          "dependencies": [
            "aws_iam_instance_profile.ec2_profile",
            "aws_iam_role.ec2_codedeploy_role",
            "aws_key_pair.ec2_key_pair",
            "aws_security_group.istory_nginx_sg",
            "aws_subnet.dangtong-vpc-public-subnet",
            "aws_vpc.dangtong-vpc",
            "tls_private_key.ec2_private_key"
          ]
        }
      ]
    },
    {
      "mode": "managed",
      "type": "aws_internet_gateway",
      "name": "dangtong-igw",
      "provider": "provider[\"registry.terraform.io/hashicorp/aws\"]",
      "instances": [
        {
          "schema_version": 0,
          "attributes": {
            "arn": "arn:aws:ec2:ap-northeast-2:484907486822:internet-gateway/igw-0a3a3c1ae0361071b",
            "id": "igw-0a3a3c1ae0361071b",
            "owner_id": "484907486822",
            "tags": {
              "Name": "dangtong-igw"
            },
            "tags_all": {
              "Name": "dangtong-igw"
            },
            "timeouts": null,
            "vpc_id": "vpc-0d0146c7819ae040b"
          },
          "sensitive_attributes": [],
          "private": "eyJlMmJmYjczMC1lY2FhLTExZTYtOGY4OC0zNDM2M2JjN2M0YzAiOnsiY3JlYXRlIjoxMjAwMDAwMDAwMDAwLCJkZWxldGUiOjEyMDAwMDAwMDAwMDAsInVwZGF0ZSI6MTIwMDAwMDAwMDAwMH19",
          "dependencies": [
            "aws_vpc.dangtong-vpc"
          ]
        }
      ]
    },
    {
      "mode": "managed",
      "type": "aws_key_pair",
      "name": "ec2_key_pair",
      "provider": "provider[\"registry.terraform.io/hashicorp/aws\"]",
      "instances": [
        {
          "schema_version": 1,
          "attributes": {
            "arn": "arn:aws:ec2:ap-northeast-2:484907486822:key-pair/ec2-key_pair",
            "fingerprint": "19:b8:d1:74:f0:e2:f6:34:6b:7d:c3:09:6b:8e:66:0f",
            "id": "ec2-key_pair",
            "key_name": "ec2-key_pair",
            "key_name_prefix": "",
            "key_pair_id": "key-08b6cd44e87137973",
            "key_type": "rsa",
            "public_key": "ssh-rsa AAAAB3NzaC1yc2EAAAADAQABAAABAQDAW952RVGQUs2BMSNXEfpTKHPYsv0k2ls2XTWYnR8XQNQ0EbHHTbWNqRVSkeD25oQmqRbiT9ii+cmmepHeXx/N3BfnmIFObsrgIT0FUvGDWpEy11l16TcCqO7EMg1xs9Om1d7YXSdIEyi7UBcnWTOeXqrs2hOeAFZLCG3DimZiJ/H3ZAn6y2ncanw42kiGs22StOb0vJlBWc599m1NJbqssbzd+YrN7Mh6T9JKHRBvxWB5SvuGhsSDj2UG8lS2wCt36OUSEhL0wUrlEIGPdmMnc08g+fFF9W1WSFauzv2Euat1GCmfp8s485yD+BFXbbqbOdUcHSZR6Wv0WU/QOkpz",
            "tags": null,
            "tags_all": {}
          },
          "sensitive_attributes": [],
          "private": "eyJzY2hlbWFfdmVyc2lvbiI6IjEifQ==",
          "dependencies": [
            "tls_private_key.ec2_private_key"
          ]
        }
      ]
    },
    {
      "mode": "managed",
      "type": "aws_route_table",
      "name": "dangtong-vpc-public-rt",
      "provider": "provider[\"registry.terraform.io/hashicorp/aws\"]",
      "instances": [
        {
          "schema_version": 0,
          "attributes": {
            "arn": "arn:aws:ec2:ap-northeast-2:484907486822:route-table/rtb-0ac5084295b61eb97",
            "id": "rtb-0ac5084295b61eb97",
            "owner_id": "484907486822",
            "propagating_vgws": [],
            "route": [
              {
                "carrier_gateway_id": "",
                "cidr_block": "0.0.0.0/0",
                "core_network_arn": "",
                "destination_prefix_list_id": "",
                "egress_only_gateway_id": "",
                "gateway_id": "igw-0a3a3c1ae0361071b",
                "ipv6_cidr_block": "",
                "local_gateway_id": "",
                "nat_gateway_id": "",
                "network_interface_id": "",
                "transit_gateway_id": "",
                "vpc_endpoint_id": "",
                "vpc_peering_connection_id": ""
              }
            ],
            "tags": {
              "Name": "dangtong-vpc-public-rt"
            },
            "tags_all": {
              "Name": "dangtong-vpc-public-rt"
            },
            "timeouts": null,
            "vpc_id": "vpc-0d0146c7819ae040b"
          },
          "sensitive_attributes": [],
          "private": "eyJlMmJmYjczMC1lY2FhLTExZTYtOGY4OC0zNDM2M2JjN2M0YzAiOnsiY3JlYXRlIjozMDAwMDAwMDAwMDAsImRlbGV0ZSI6MzAwMDAwMDAwMDAwLCJ1cGRhdGUiOjEyMDAwMDAwMDAwMH19",
          "dependencies": [
            "aws_internet_gateway.dangtong-igw",
            "aws_vpc.dangtong-vpc"
          ]
        }
      ]
    },
    {
      "mode": "managed",
      "type": "aws_route_table_association",
      "name": "dangtong-vpc-public-rt",
      "provider": "provider[\"registry.terraform.io/hashicorp/aws\"]",
      "instances": [
        {
          "index_key": "a",
          "schema_version": 0,
          "attributes": {
            "gateway_id": "",
            "id": "rtbassoc-06a2cd8b38d6e23a6",
            "route_table_id": "rtb-0ac5084295b61eb97",
            "subnet_id": "subnet-02651fc577e02618f",
            "timeouts": null
          },
          "sensitive_attributes": [],
          "private": "eyJlMmJmYjczMC1lY2FhLTExZTYtOGY4OC0zNDM2M2JjN2M0YzAiOnsiY3JlYXRlIjozMDAwMDAwMDAwMDAsImRlbGV0ZSI6MzAwMDAwMDAwMDAwLCJ1cGRhdGUiOjEyMDAwMDAwMDAwMH19",
          "dependencies": [
            "aws_internet_gateway.dangtong-igw",
            "aws_route_table.dangtong-vpc-public-rt",
            "aws_subnet.dangtong-vpc-public-subnet",
            "aws_vpc.dangtong-vpc"
          ]
        },
        {
          "index_key": "b",
          "schema_version": 0,
          "attributes": {
            "gateway_id": "",
            "id": "rtbassoc-07722553ecad15ba1",
            "route_table_id": "rtb-0ac5084295b61eb97",
            "subnet_id": "subnet-0439c3e495b266fe4",
            "timeouts": null
          },
          "sensitive_attributes": [],
          "private": "eyJlMmJmYjczMC1lY2FhLTExZTYtOGY4OC0zNDM2M2JjN2M0YzAiOnsiY3JlYXRlIjozMDAwMDAwMDAwMDAsImRlbGV0ZSI6MzAwMDAwMDAwMDAwLCJ1cGRhdGUiOjEyMDAwMDAwMDAwMH19",
          "dependencies": [
            "aws_internet_gateway.dangtong-igw",
            "aws_route_table.dangtong-vpc-public-rt",
            "aws_subnet.dangtong-vpc-public-subnet",
            "aws_vpc.dangtong-vpc"
          ]
        },
        {
          "index_key": "c",
          "schema_version": 0,
          "attributes": {
            "gateway_id": "",
            "id": "rtbassoc-0e3e4caed3f6e2ca2",
            "route_table_id": "rtb-0ac5084295b61eb97",
            "subnet_id": "subnet-03fb20cbad4bb405a",
            "timeouts": null
          },
          "sensitive_attributes": [],
          "private": "eyJlMmJmYjczMC1lY2FhLTExZTYtOGY4OC0zNDM2M2JjN2M0YzAiOnsiY3JlYXRlIjozMDAwMDAwMDAwMDAsImRlbGV0ZSI6MzAwMDAwMDAwMDAwLCJ1cGRhdGUiOjEyMDAwMDAwMDAwMH19",
          "dependencies": [
            "aws_internet_gateway.dangtong-igw",
            "aws_route_table.dangtong-vpc-public-rt",
            "aws_subnet.dangtong-vpc-public-subnet",
            "aws_vpc.dangtong-vpc"
          ]
        },
        {
          "index_key": "d",
          "schema_version": 0,
          "attributes": {
            "gateway_id": "",
            "id": "rtbassoc-0f6635debae056025",
            "route_table_id": "rtb-0ac5084295b61eb97",
            "subnet_id": "subnet-07ccce4ec90e13928",
            "timeouts": null
          },
          "sensitive_attributes": [],
          "private": "eyJlMmJmYjczMC1lY2FhLTExZTYtOGY4OC0zNDM2M2JjN2M0YzAiOnsiY3JlYXRlIjozMDAwMDAwMDAwMDAsImRlbGV0ZSI6MzAwMDAwMDAwMDAwLCJ1cGRhdGUiOjEyMDAwMDAwMDAwMH19",
          "dependencies": [
            "aws_internet_gateway.dangtong-igw",
            "aws_route_table.dangtong-vpc-public-rt",
            "aws_subnet.dangtong-vpc-public-subnet",
            "aws_vpc.dangtong-vpc"
          ]
        }
      ]
    },
    {
      "mode": "managed",
      "type": "aws_s3_bucket",
      "name": "istory-deploy-bucket",
      "provider": "provider[\"registry.terraform.io/hashicorp/aws\"]",
      "instances": [
        {
          "schema_version": 0,
          "attributes": {
            "acceleration_status": "",
            "acl": null,
            "arn": "arn:aws:s3:::istory-deploy-bucket-484907486822",
            "bucket": "istory-deploy-bucket-484907486822",
            "bucket_domain_name": "istory-deploy-bucket-484907486822.s3.amazonaws.com",
            "bucket_prefix": "",
            "bucket_regional_domain_name": "istory-deploy-bucket-484907486822.s3.ap-northeast-2.amazonaws.com",
            "cors_rule": [],
            "force_destroy": false,
            "grant": [
              {
                "id": "37012da0ec5d0ea229e1daf58d9d814b8a7787ddedf36965942326d43fd95495",
                "permissions": [
                  "FULL_CONTROL"
                ],
                "type": "CanonicalUser",
                "uri": ""
              }
            ],
            "hosted_zone_id": "Z3W03O7B5YMIYP",
            "id": "istory-deploy-bucket-484907486822",
            "lifecycle_rule": [],
            "logging": [],
            "object_lock_configuration": [],
            "object_lock_enabled": false,
            "policy": "",
            "region": "ap-northeast-2",
            "replication_configuration": [],
            "request_payer": "BucketOwner",
            "server_side_encryption_configuration": [
              {
                "rule": [
                  {
                    "apply_server_side_encryption_by_default": [
                      {
                        "kms_master_key_id": "",
                        "sse_algorithm": "AES256"
                      }
                    ],
                    "bucket_key_enabled": false
                  }
                ]
              }
            ],
            "tags": null,
            "tags_all": {},
            "timeouts": null,
            "versioning": [
              {
                "enabled": false,
                "mfa_delete": false
              }
            ],
            "website": [],
            "website_domain": null,
            "website_endpoint": null
          },
          "sensitive_attributes": [],
          "private": "eyJlMmJmYjczMC1lY2FhLTExZTYtOGY4OC0zNDM2M2JjN2M0YzAiOnsiY3JlYXRlIjoxMjAwMDAwMDAwMDAwLCJkZWxldGUiOjM2MDAwMDAwMDAwMDAsInJlYWQiOjEyMDAwMDAwMDAwMDAsInVwZGF0ZSI6MTIwMDAwMDAwMDAwMH19",
          "dependencies": [
            "data.aws_caller_identity.current"
          ]
        }
      ]
    },
    {
      "mode": "managed",
      "type": "aws_s3_bucket_versioning",
      "name": "deploy_bucket_versioning",
      "provider": "provider[\"registry.terraform.io/hashicorp/aws\"]",
      "instances": [
        {
          "schema_version": 0,
          "attributes": {
            "bucket": "istory-deploy-bucket-484907486822",
            "expected_bucket_owner": "",
            "id": "istory-deploy-bucket-484907486822",
            "mfa": null,
            "versioning_configuration": [
              {
                "mfa_delete": "",
                "status": "Enabled"
              }
            ]
          },
          "sensitive_attributes": [],
          "private": "bnVsbA==",
          "dependencies": [
            "aws_s3_bucket.istory-deploy-bucket",
            "data.aws_caller_identity.current"
          ]
        }
      ]
    },
    {
      "mode": "managed",
      "type": "aws_security_group",
      "name": "istory_nginx_sg",
      "provider": "provider[\"registry.terraform.io/hashicorp/aws\"]",
      "instances": [
        {
          "schema_version": 1,
          "attributes": {
            "arn": "arn:aws:ec2:ap-northeast-2:484907486822:security-group/sg-04b947d835b782e60",
            "description": "Managed by Terraform",
            "egress": [
              {
                "cidr_blocks": [
                  "0.0.0.0/0"
                ],
                "description": "",
                "from_port": 0,
                "ipv6_cidr_blocks": [],
                "prefix_list_ids": [],
                "protocol": "-1",
                "security_groups": [],
                "self": false,
                "to_port": 0
              }
            ],
            "id": "sg-04b947d835b782e60",
            "ingress": [
              {
                "cidr_blocks": [
                  "0.0.0.0/0"
                ],
                "description": "Allow HTTP",
                "from_port": 8080,
                "ipv6_cidr_blocks": [],
                "prefix_list_ids": [],
                "protocol": "tcp",
                "security_groups": [],
                "self": false,
                "to_port": 8080
              },
              {
                "cidr_blocks": [
                  "0.0.0.0/0"
                ],
                "description": "Allow SSH",
                "from_port": 22,
                "ipv6_cidr_blocks": [],
                "prefix_list_ids": [],
                "protocol": "tcp",
                "security_groups": [],
                "self": false,
                "to_port": 22
              }
            ],
            "name": "istory nginx sg20250322053013001100000004",
            "name_prefix": "istory nginx sg",
            "owner_id": "484907486822",
            "revoke_rules_on_delete": false,
            "tags": null,
            "tags_all": {},
            "timeouts": null,
            "vpc_id": "vpc-0d0146c7819ae040b"
          },
          "sensitive_attributes": [],
          "private": "eyJlMmJmYjczMC1lY2FhLTExZTYtOGY4OC0zNDM2M2JjN2M0YzAiOnsiY3JlYXRlIjo2MDAwMDAwMDAwMDAsImRlbGV0ZSI6OTAwMDAwMDAwMDAwfSwic2NoZW1hX3ZlcnNpb24iOiIxIn0=",
          "dependencies": [
            "aws_vpc.dangtong-vpc"
          ]
        }
      ]
    },
    {
      "mode": "managed",
      "type": "aws_security_group",
      "name": "istory_rds_sg",
      "provider": "provider[\"registry.terraform.io/hashicorp/aws\"]",
      "instances": [
        {
          "schema_version": 1,
          "attributes": {
            "arn": "arn:aws:ec2:ap-northeast-2:484907486822:security-group/sg-0039622291b9f6806",
            "description": "Managed by Terraform",
            "egress": [
              {
                "cidr_blocks": [
                  "0.0.0.0/0"
                ],
                "description": "",
                "from_port": 0,
                "ipv6_cidr_blocks": [],
                "prefix_list_ids": [],
                "protocol": "-1",
                "security_groups": [],
                "self": false,
                "to_port": 0
              }
            ],
            "id": "sg-0039622291b9f6806",
            "ingress": [
              {
                "cidr_blocks": [],
                "description": "Allow MySQL from EC2",
                "from_port": 3306,
                "ipv6_cidr_blocks": [],
                "prefix_list_ids": [],
                "protocol": "tcp",
                "security_groups": [
                  "sg-04b947d835b782e60"
                ],
                "self": false,
                "to_port": 3306
              }
            ],
            "name": "istory rds sg20250322053015498900000006",
            "name_prefix": "istory rds sg",
            "owner_id": "484907486822",
            "revoke_rules_on_delete": false,
            "tags": {
              "Name": "istory-rds-sg"
            },
            "tags_all": {
              "Name": "istory-rds-sg"
            },
            "timeouts": null,
            "vpc_id": "vpc-0d0146c7819ae040b"
          },
          "sensitive_attributes": [],
          "private": "eyJlMmJmYjczMC1lY2FhLTExZTYtOGY4OC0zNDM2M2JjN2M0YzAiOnsiY3JlYXRlIjo2MDAwMDAwMDAwMDAsImRlbGV0ZSI6OTAwMDAwMDAwMDAwfSwic2NoZW1hX3ZlcnNpb24iOiIxIn0=",
          "dependencies": [
            "aws_security_group.istory_nginx_sg",
            "aws_vpc.dangtong-vpc"
          ]
        }
      ]
    },
    {
      "mode": "managed",
      "type": "aws_subnet",
      "name": "dangtong-vpc-public-subnet",
      "provider": "provider[\"registry.terraform.io/hashicorp/aws\"]",
      "instances": [
        {
          "index_key": "a",
          "schema_version": 1,
          "attributes": {
            "arn": "arn:aws:ec2:ap-northeast-2:484907486822:subnet/subnet-02651fc577e02618f",
            "assign_ipv6_address_on_creation": false,
            "availability_zone": "ap-northeast-2a",
            "availability_zone_id": "apne2-az1",
            "cidr_block": "10.0.1.0/24",
            "customer_owned_ipv4_pool": "",
            "enable_dns64": false,
            "enable_lni_at_device_index": 0,
            "enable_resource_name_dns_a_record_on_launch": false,
            "enable_resource_name_dns_aaaa_record_on_launch": false,
            "id": "subnet-02651fc577e02618f",
            "ipv6_cidr_block": "",
            "ipv6_cidr_block_association_id": "",
            "ipv6_native": false,
            "map_customer_owned_ip_on_launch": false,
            "map_public_ip_on_launch": true,
            "outpost_arn": "",
            "owner_id": "484907486822",
            "private_dns_hostname_type_on_launch": "ip-name",
            "tags": {
              "Name": "dangtong-vpc-public-subnet-a"
            },
            "tags_all": {
              "Name": "dangtong-vpc-public-subnet-a"
            },
            "timeouts": null,
            "vpc_id": "vpc-0d0146c7819ae040b"
          },
          "sensitive_attributes": [],
          "private": "eyJlMmJmYjczMC1lY2FhLTExZTYtOGY4OC0zNDM2M2JjN2M0YzAiOnsiY3JlYXRlIjo2MDAwMDAwMDAwMDAsImRlbGV0ZSI6MTIwMDAwMDAwMDAwMH0sInNjaGVtYV92ZXJzaW9uIjoiMSJ9",
          "dependencies": [
            "aws_vpc.dangtong-vpc"
          ]
        },
        {
          "index_key": "b",
          "schema_version": 1,
          "attributes": {
            "arn": "arn:aws:ec2:ap-northeast-2:484907486822:subnet/subnet-0439c3e495b266fe4",
            "assign_ipv6_address_on_creation": false,
            "availability_zone": "ap-northeast-2b",
            "availability_zone_id": "apne2-az2",
            "cidr_block": "10.0.2.0/24",
            "customer_owned_ipv4_pool": "",
            "enable_dns64": false,
            "enable_lni_at_device_index": 0,
            "enable_resource_name_dns_a_record_on_launch": false,
            "enable_resource_name_dns_aaaa_record_on_launch": false,
            "id": "subnet-0439c3e495b266fe4",
            "ipv6_cidr_block": "",
            "ipv6_cidr_block_association_id": "",
            "ipv6_native": false,
            "map_customer_owned_ip_on_launch": false,
            "map_public_ip_on_launch": true,
            "outpost_arn": "",
            "owner_id": "484907486822",
            "private_dns_hostname_type_on_launch": "ip-name",
            "tags": {
              "Name": "dangtong-vpc-public-subnet-b"
            },
            "tags_all": {
              "Name": "dangtong-vpc-public-subnet-b"
            },
            "timeouts": null,
            "vpc_id": "vpc-0d0146c7819ae040b"
          },
          "sensitive_attributes": [],
          "private": "eyJlMmJmYjczMC1lY2FhLTExZTYtOGY4OC0zNDM2M2JjN2M0YzAiOnsiY3JlYXRlIjo2MDAwMDAwMDAwMDAsImRlbGV0ZSI6MTIwMDAwMDAwMDAwMH0sInNjaGVtYV92ZXJzaW9uIjoiMSJ9",
          "dependencies": [
            "aws_vpc.dangtong-vpc"
          ]
        },
        {
          "index_key": "c",
          "schema_version": 1,
          "attributes": {
            "arn": "arn:aws:ec2:ap-northeast-2:484907486822:subnet/subnet-03fb20cbad4bb405a",
            "assign_ipv6_address_on_creation": false,
            "availability_zone": "ap-northeast-2c",
            "availability_zone_id": "apne2-az3",
            "cidr_block": "10.0.3.0/24",
            "customer_owned_ipv4_pool": "",
            "enable_dns64": false,
            "enable_lni_at_device_index": 0,
            "enable_resource_name_dns_a_record_on_launch": false,
            "enable_resource_name_dns_aaaa_record_on_launch": false,
            "id": "subnet-03fb20cbad4bb405a",
            "ipv6_cidr_block": "",
            "ipv6_cidr_block_association_id": "",
            "ipv6_native": false,
            "map_customer_owned_ip_on_launch": false,
            "map_public_ip_on_launch": true,
            "outpost_arn": "",
            "owner_id": "484907486822",
            "private_dns_hostname_type_on_launch": "ip-name",
            "tags": {
              "Name": "dangtong-vpc-public-subnet-c"
            },
            "tags_all": {
              "Name": "dangtong-vpc-public-subnet-c"
            },
            "timeouts": null,
            "vpc_id": "vpc-0d0146c7819ae040b"
          },
          "sensitive_attributes": [],
          "private": "eyJlMmJmYjczMC1lY2FhLTExZTYtOGY4OC0zNDM2M2JjN2M0YzAiOnsiY3JlYXRlIjo2MDAwMDAwMDAwMDAsImRlbGV0ZSI6MTIwMDAwMDAwMDAwMH0sInNjaGVtYV92ZXJzaW9uIjoiMSJ9",
          "dependencies": [
            "aws_vpc.dangtong-vpc"
          ]
        },
        {
          "index_key": "d",
          "schema_version": 1,
          "attributes": {
            "arn": "arn:aws:ec2:ap-northeast-2:484907486822:subnet/subnet-07ccce4ec90e13928",
            "assign_ipv6_address_on_creation": false,
            "availability_zone": "ap-northeast-2d",
            "availability_zone_id": "apne2-az4",
            "cidr_block": "10.0.4.0/24",
            "customer_owned_ipv4_pool": "",
            "enable_dns64": false,
            "enable_lni_at_device_index": 0,
            "enable_resource_name_dns_a_record_on_launch": false,
            "enable_resource_name_dns_aaaa_record_on_launch": false,
            "id": "subnet-07ccce4ec90e13928",
            "ipv6_cidr_block": "",
            "ipv6_cidr_block_association_id": "",
            "ipv6_native": false,
            "map_customer_owned_ip_on_launch": false,
            "map_public_ip_on_launch": true,
            "outpost_arn": "",
            "owner_id": "484907486822",
            "private_dns_hostname_type_on_launch": "ip-name",
            "tags": {
              "Name": "dangtong-vpc-public-subnet-d"
            },
            "tags_all": {
              "Name": "dangtong-vpc-public-subnet-d"
            },
            "timeouts": null,
            "vpc_id": "vpc-0d0146c7819ae040b"
          },
          "sensitive_attributes": [],
          "private": "eyJlMmJmYjczMC1lY2FhLTExZTYtOGY4OC0zNDM2M2JjN2M0YzAiOnsiY3JlYXRlIjo2MDAwMDAwMDAwMDAsImRlbGV0ZSI6MTIwMDAwMDAwMDAwMH0sInNjaGVtYV92ZXJzaW9uIjoiMSJ9",
          "dependencies": [
            "aws_vpc.dangtong-vpc"
          ]
        }
      ]
    },
    {
      "mode": "managed",
      "type": "aws_vpc",
      "name": "dangtong-vpc",
      "provider": "provider[\"registry.terraform.io/hashicorp/aws\"]",
      "instances": [
        {
          "schema_version": 1,
          "attributes": {
            "arn": "arn:aws:ec2:ap-northeast-2:484907486822:vpc/vpc-0d0146c7819ae040b",
            "assign_generated_ipv6_cidr_block": false,
            "cidr_block": "10.0.0.0/16",
            "default_network_acl_id": "acl-0fe6a097b19aa026f",
            "default_route_table_id": "rtb-0dc0934833840d220",
            "default_security_group_id": "sg-027facc1085e09384",
            "dhcp_options_id": "dopt-09590d1c65d1a9cb9",
            "enable_dns_hostnames": true,
            "enable_dns_support": true,
            "enable_network_address_usage_metrics": false,
            "id": "vpc-0d0146c7819ae040b",
            "instance_tenancy": "default",
            "ipv4_ipam_pool_id": null,
            "ipv4_netmask_length": null,
            "ipv6_association_id": "",
            "ipv6_cidr_block": "",
            "ipv6_cidr_block_network_border_group": "",
            "ipv6_ipam_pool_id": "",
            "ipv6_netmask_length": 0,
            "main_route_table_id": "rtb-0dc0934833840d220",
            "owner_id": "484907486822",
            "tags": {
              "Name": "dangtong-vpc"
            },
            "tags_all": {
              "Name": "dangtong-vpc"
            }
          },
          "sensitive_attributes": [],
          "private": "eyJzY2hlbWFfdmVyc2lvbiI6IjEifQ=="
        }
      ]
    },
    {
      "mode": "managed",
      "type": "tls_private_key",
      "name": "ec2_private_key",
      "provider": "provider[\"registry.terraform.io/hashicorp/tls\"]",
      "instances": [
        {
          "schema_version": 1,
          "attributes": {
            "algorithm": "RSA",
            "ecdsa_curve": "P224",
            "id": "bf2fc16b0c65368aa5627c130ccd7546874cc465",
            "private_key_openssh": "-----BEGIN OPENSSH PRIVATE KEY-----\nb3BlbnNzaC1rZXktdjEAAAAABG5vbmUAAAAEbm9uZQAAAAAAAAABAAABFwAAAAdz\nc2gtcnNhAAAAAwEAAQAAAQEAwFvedkVRkFLNgTEjVxH6Uyhz2LL9JNpbNl01mJ0f\nF0DUNBGxx021jakVUpHg9uaEJqkW4k/YovnJpnqR3l8fzdwX55iBTm7K4CE9BVLx\ng1qRMtdZdek3AqjuxDINcbPTptXe2F0nSBMou1AXJ1kznl6q7NoTngBWSwhtw4pm\nYifx92QJ+stp3Gp8ONpIhrNtkrTm9LyZQVnOffZtTSW6rLG83fmKzezIek/SSh0Q\nb8VgeUr7hobEg49lBvJUtsArd+jlEhIS9MFK5RCBj3ZjJ3NPIPnxRfVtVkhWrs79\nhLmrdRgpn6fLOPOcg/gRV226mznVHB0mUelr9FlP0DpKcwAAA7iWvM22lrzNtgAA\nAAdzc2gtcnNhAAABAQDAW952RVGQUs2BMSNXEfpTKHPYsv0k2ls2XTWYnR8XQNQ0\nEbHHTbWNqRVSkeD25oQmqRbiT9ii+cmmepHeXx/N3BfnmIFObsrgIT0FUvGDWpEy\n11l16TcCqO7EMg1xs9Om1d7YXSdIEyi7UBcnWTOeXqrs2hOeAFZLCG3DimZiJ/H3\nZAn6y2ncanw42kiGs22StOb0vJlBWc599m1NJbqssbzd+YrN7Mh6T9JKHRBvxWB5\nSvuGhsSDj2UG8lS2wCt36OUSEhL0wUrlEIGPdmMnc08g+fFF9W1WSFauzv2Euat1\nGCmfp8s485yD+BFXbbqbOdUcHSZR6Wv0WU/QOkpzAAAAAwEAAQAAAQBeK5uZIw5v\nLVpWKQw4ECEQnPk52UZ8yDlnP/KBKEqUQ7SfWRpDjBOZqnE53xjXRrrjglwlpxlT\nkB3cVp0a1E7ppRo+0zZag3rmht8swBJkT+5NiYfOZcH8l19sxWQ3ieXQA1v5aIFW\nk6qZKPhs1wqiOY5MLeb0rw2P5ix2UkcVPceRMUrVySqaiJ8AjQWMwPZqIFnXsCdM\nfCAnd2SvoqpQqokXKHekLnrHTZm0cgH13AkieEvoaYwZwLBYDEwhOJNTzaHS60Ng\nObcASxMcoKS3DZdE55r7Fmn7JFVxy9ArvatkVPwbqlX5e6l7EbP3Ndr6JBcTVq1S\nMBjZ5T5kd1nhAAAAgDw4gbzrTSfKLtPRm+U2BBrq2XBF3r+dZtW9kg4aJyvN80iZ\n5vCqoYBfX7GHgyvO4HfuOq3JSGJ/IMk/3RIPdSi93PXVc1LBstyXQRxIMqHqZeRC\nB43kCwhKEPa59IWHB+6nkeEXnk3QHKkJr1wJ5iVlWEKJ8wESVwYehBB7xv5TAAAA\ngQDVVciOxNukwPCd+4tI37kyghJVEFVz4jS3eT6PzGvzNIyn9p+2lIR/am2DS6iU\nuDNLGdRApt7f1VcQBigfNTKsj5nWh+6dL6aZCMqsJnDDDUNcfhqMHclLCXaa6td8\n7qb/TiWg/XjjfU9LB/dyi7QwHhWhrw9qR/A6RXzkmLVTpQAAAIEA5tQn4WntmLbZ\ns0VZ7dxabs72GEqE1g4EuMXpJIYwRL7toRD1DBKMZBSzSbYimVYdT2Bo7FaQZhs9\nU39EzDv4QEjpW9YXJ2txYqkH22mxtPpZMmq1haBLPmflzdhRvuPm4+z8Co8sb0At\nR3Dew8+zI+j+ZwHVRPwL78KZtiynajcAAAAAAQID\n-----END OPENSSH PRIVATE KEY-----\n",
            "private_key_pem": "-----BEGIN RSA PRIVATE KEY-----\nMIIEpAIBAAKCAQEAwFvedkVRkFLNgTEjVxH6Uyhz2LL9JNpbNl01mJ0fF0DUNBGx\nx021jakVUpHg9uaEJqkW4k/YovnJpnqR3l8fzdwX55iBTm7K4CE9BVLxg1qRMtdZ\ndek3AqjuxDINcbPTptXe2F0nSBMou1AXJ1kznl6q7NoTngBWSwhtw4pmYifx92QJ\n+stp3Gp8ONpIhrNtkrTm9LyZQVnOffZtTSW6rLG83fmKzezIek/SSh0Qb8VgeUr7\nhobEg49lBvJUtsArd+jlEhIS9MFK5RCBj3ZjJ3NPIPnxRfVtVkhWrs79hLmrdRgp\nn6fLOPOcg/gRV226mznVHB0mUelr9FlP0DpKcwIDAQABAoIBAF4rm5kjDm8tWlYp\nDDgQIRCc+TnZRnzIOWc/8oEoSpRDtJ9ZGkOME5mqcTnfGNdGuuOCXCWnGVOQHdxW\nnRrUTumlGj7TNlqDeuaG3yzAEmRP7k2Jh85lwfyXX2zFZDeJ5dADW/logVaTqpko\n+GzXCqI5jkwt5vSvDY/mLHZSRxU9x5ExStXJKpqInwCNBYzA9mogWdewJ0x8ICd3\nZK+iqlCqiRcod6QuesdNmbRyAfXcCSJ4S+hpjBnAsFgMTCE4k1PNodLrQ2A5twBL\nExygpLcNl0TnmvsWafskVXHL0Cu9q2RU/BuqVfl7qXsRs/c12vokFxNWrVIwGNnl\nPmR3WeECgYEA1VXIjsTbpMDwnfuLSN+5MoISVRBVc+I0t3k+j8xr8zSMp/aftpSE\nf2ptg0uolLgzSxnUQKbe39VXEAYoHzUyrI+Z1ofunS+mmQjKrCZwww1DXH4ajB3J\nSwl2murXfO6m/04loP14431PSwf3cou0MB4Voa8PakfwOkV85Ji1U6UCgYEA5tQn\n4WntmLbZs0VZ7dxabs72GEqE1g4EuMXpJIYwRL7toRD1DBKMZBSzSbYimVYdT2Bo\n7FaQZhs9U39EzDv4QEjpW9YXJ2txYqkH22mxtPpZMmq1haBLPmflzdhRvuPm4+z8\nCo8sb0AtR3Dew8+zI+j+ZwHVRPwL78KZtiynajcCgYEAjhUT/gIeRxw5JP7jRSW7\nsmfuzbiTMRr3ATs+74a2XsQg6bzXokJH/JRlW4yIOoRzpREOzABXb7wmwAVZs286\n0LLTQo5F3WpfCo1QblcrwrySoIdcJvWvmsoys/q0igBoOKFTbmViniBXLyGfLCrf\nVyyyO3zcR2yiEi01gQozugECgYEAu0VQfa7lFsryYGFZjoMB03iRbC+5Cbkh146p\nkfpUWtHUFKKfTIYX5HJu6tSbyW92JBoBxgyM5mofHQjaFiBpTi5ZNSrCajbfLL4a\nI8biaAPcLe0pDBp6MU01wgVIfOiFQFHaQe7ai/+zPIy0DoUJv46eJ4/zKR6byI9H\nCee8g40CgYA8OIG8600nyi7T0ZvlNgQa6tlwRd6/nWbVvZIOGicrzfNImebwqqGA\nX1+xh4MrzuB37jqtyUhifyDJP90SD3Uovdz11XNSwbLcl0EcSDKh6mXkQgeN5AsI\nShD2ufSFhwfup5HhF55N0BypCa9cCeYlZVhCifMBElcGHoQQe8b+Uw==\n-----END RSA PRIVATE KEY-----\n",
            "private_key_pem_pkcs8": "-----BEGIN PRIVATE KEY-----\nMIIEvgIBADANBgkqhkiG9w0BAQEFAASCBKgwggSkAgEAAoIBAQDAW952RVGQUs2B\nMSNXEfpTKHPYsv0k2ls2XTWYnR8XQNQ0EbHHTbWNqRVSkeD25oQmqRbiT9ii+cmm\nepHeXx/N3BfnmIFObsrgIT0FUvGDWpEy11l16TcCqO7EMg1xs9Om1d7YXSdIEyi7\nUBcnWTOeXqrs2hOeAFZLCG3DimZiJ/H3ZAn6y2ncanw42kiGs22StOb0vJlBWc59\n9m1NJbqssbzd+YrN7Mh6T9JKHRBvxWB5SvuGhsSDj2UG8lS2wCt36OUSEhL0wUrl\nEIGPdmMnc08g+fFF9W1WSFauzv2Euat1GCmfp8s485yD+BFXbbqbOdUcHSZR6Wv0\nWU/QOkpzAgMBAAECggEAXiubmSMOby1aVikMOBAhEJz5OdlGfMg5Zz/ygShKlEO0\nn1kaQ4wTmapxOd8Y10a644JcJacZU5Ad3FadGtRO6aUaPtM2WoN65obfLMASZE/u\nTYmHzmXB/JdfbMVkN4nl0ANb+WiBVpOqmSj4bNcKojmOTC3m9K8Nj+YsdlJHFT3H\nkTFK1ckqmoifAI0FjMD2aiBZ17AnTHwgJ3dkr6KqUKqJFyh3pC56x02ZtHIB9dwJ\nInhL6GmMGcCwWAxMITiTU82h0utDYDm3AEsTHKCktw2XROea+xZp+yRVccvQK72r\nZFT8G6pV+XupexGz9zXa+iQXE1atUjAY2eU+ZHdZ4QKBgQDVVciOxNukwPCd+4tI\n37kyghJVEFVz4jS3eT6PzGvzNIyn9p+2lIR/am2DS6iUuDNLGdRApt7f1VcQBigf\nNTKsj5nWh+6dL6aZCMqsJnDDDUNcfhqMHclLCXaa6td87qb/TiWg/XjjfU9LB/dy\ni7QwHhWhrw9qR/A6RXzkmLVTpQKBgQDm1Cfhae2YttmzRVnt3FpuzvYYSoTWDgS4\nxekkhjBEvu2hEPUMEoxkFLNJtiKZVh1PYGjsVpBmGz1Tf0TMO/hASOlb1hcna3Fi\nqQfbabG0+lkyarWFoEs+Z+XN2FG+4+bj7PwKjyxvQC1HcN7Dz7Mj6P5nAdVE/Avv\nwpm2LKdqNwKBgQCOFRP+Ah5HHDkk/uNFJbuyZ+7NuJMxGvcBOz7vhrZexCDpvNei\nQkf8lGVbjIg6hHOlEQ7MAFdvvCbABVmzbzrQstNCjkXdal8KjVBuVyvCvJKgh1wm\n9a+ayjKz+rSKAGg4oVNuZWKeIFcvIZ8sKt9XLLI7fNxHbKISLTWBCjO6AQKBgQC7\nRVB9ruUWyvJgYVmOgwHTeJFsL7kJuSHXjqmR+lRa0dQUop9Mhhfkcm7q1JvJb3Yk\nGgHGDIzmah8dCNoWIGlOLlk1KsJqNt8svhojxuJoA9wt7SkMGnoxTTXCBUh86IVA\nUdpB7tqL/7M8jLQOhQm/jp4nj/MpHpvIj0cJ57yDjQKBgDw4gbzrTSfKLtPRm+U2\nBBrq2XBF3r+dZtW9kg4aJyvN80iZ5vCqoYBfX7GHgyvO4HfuOq3JSGJ/IMk/3RIP\ndSi93PXVc1LBstyXQRxIMqHqZeRCB43kCwhKEPa59IWHB+6nkeEXnk3QHKkJr1wJ\n5iVlWEKJ8wESVwYehBB7xv5T\n-----END PRIVATE KEY-----\n",
            "public_key_fingerprint_md5": "f4:da:a7:95:a2:85:c8:3e:95:4a:a8:53:b3:ad:60:24",
            "public_key_fingerprint_sha256": "SHA256:5Llm2Wgxz87NmfhZ2u8EiWwjzac19Wx37WoKUSIdohw",
            "public_key_openssh": "ssh-rsa AAAAB3NzaC1yc2EAAAADAQABAAABAQDAW952RVGQUs2BMSNXEfpTKHPYsv0k2ls2XTWYnR8XQNQ0EbHHTbWNqRVSkeD25oQmqRbiT9ii+cmmepHeXx/N3BfnmIFObsrgIT0FUvGDWpEy11l16TcCqO7EMg1xs9Om1d7YXSdIEyi7UBcnWTOeXqrs2hOeAFZLCG3DimZiJ/H3ZAn6y2ncanw42kiGs22StOb0vJlBWc599m1NJbqssbzd+YrN7Mh6T9JKHRBvxWB5SvuGhsSDj2UG8lS2wCt36OUSEhL0wUrlEIGPdmMnc08g+fFF9W1WSFauzv2Euat1GCmfp8s485yD+BFXbbqbOdUcHSZR6Wv0WU/QOkpz\n",
            "public_key_pem": "-----BEGIN PUBLIC KEY-----\nMIIBIjANBgkqhkiG9w0BAQEFAAOCAQ8AMIIBCgKCAQEAwFvedkVRkFLNgTEjVxH6\nUyhz2LL9JNpbNl01mJ0fF0DUNBGxx021jakVUpHg9uaEJqkW4k/YovnJpnqR3l8f\nzdwX55iBTm7K4CE9BVLxg1qRMtdZdek3AqjuxDINcbPTptXe2F0nSBMou1AXJ1kz\nnl6q7NoTngBWSwhtw4pmYifx92QJ+stp3Gp8ONpIhrNtkrTm9LyZQVnOffZtTSW6\nrLG83fmKzezIek/SSh0Qb8VgeUr7hobEg49lBvJUtsArd+jlEhIS9MFK5RCBj3Zj\nJ3NPIPnxRfVtVkhWrs79hLmrdRgpn6fLOPOcg/gRV226mznVHB0mUelr9FlP0DpK\ncwIDAQAB\n-----END PUBLIC KEY-----\n",
            "rsa_bits": 2048
          },
          "sensitive_attributes": [
            [
              {
                "type": "get_attr",
                "value": "private_key_pem"
              }
            ],
            [
              {
                "type": "get_attr",
                "value": "private_key_openssh"
              }
            ],
            [
              {
                "type": "get_attr",
                "value": "private_key_pem_pkcs8"
              }
            ]
          ]
        }
      ]
    }
  ],
  "check_results": null
}
